# This file is autogenerated, do not edit; changes may be undone by the next 'dep ensure'.


[[projects]]
  branch = "master"
  digest = "1:9769b231d8f5ff406a012aa7f293e45ed69d11617832a1c3c7b8c6ce1558a2a1"
  name = "github.com/adtac/go-akismet"
  packages = ["akismet"]
  pruneopts = "UT"
  revision = "0ca9e1023047c869ecd4bd3c20780511597a4a77"

[[projects]]
  digest = "1:b7ab4cd63ead221a76000d403da99fc509a8697d493128f47f5963c89c91eb68"
  name = "github.com/artyom/autoflags"
  packages = ["."]
  pruneopts = "UT"
  revision = "b279f4a7f2afa630651c35e91ea06cd86f52c376"
  version = "v1.1.1"

[[projects]]
  digest = "1:cbec35fe4d5a4fba369a656a8cd65e244ea2c743007d8f6c1ccb132acf9d1296"
  name = "github.com/gorilla/mux"
  packages = ["."]
  pruneopts = "UT"
  revision = "00bdffe0f3c77e27d2cf6f5c70232a2d3e4d9c15"
  version = "v1.7.3"

[[projects]]
  digest = "1:e7557c61b5d248668cb1cdbd12cb01fe781d0854b691d86303000c2aa46f1e18"
  name = "github.com/mrichman/godnsbl"
  packages = ["."]
  pruneopts = "UT"
  revision = "22f57261ad275abb1d66ad59e8e0c73acca616ed"
  version = "v1.0.0"

[[projects]]
  digest = "1:cf31692c14422fa27c83a05292eb5cbe0fb2775972e8f1f8446a71549bd8980b"
  name = "github.com/pkg/errors"
  packages = ["."]
  pruneopts = "UT"
  revision = "ba968bfe8b2f7e042a574c888954fccecfa385b4"
  version = "v0.8.1"

[[projects]]
  branch = "master"
  digest = "1:e6384fcf3656c8f9fd49473d9a935e8e7bda134aba38c797befb75b6095b4523"
  name = "github.com/roundpartner/go"
  packages = ["ha"]
  pruneopts = "UT"
  revision = "70a07059ae3dbcd2bd82bdc5252c95520445f551"

[[projects]]
  digest = "1:6ad77325212e02cc2c76bc974fcfb59a227018afddbd3bc78ea3cc53dadb2554"
  name = "gopkg.in/mailgun/mailgun-go.v1"
  packages = ["."]
  pruneopts = "UT"
  revision = "28c45085c063854b83107df6cf37ad8f88462105"
  version = "v1.1.1"

[[projects]]
  digest = "1:4d2e5a73dc1500038e504a8d78b986630e3626dc027bc030ba5c75da257cdb96"
  name = "gopkg.in/yaml.v2"
  packages = ["."]
  pruneopts = "UT"
  revision = "51d6538a90f86fe93ac480b35f37b2be17fef232"
  version = "v2.2.2"

[solve-meta]
  analyzer-name = "dep"
  analyzer-version = 1
  input-imports = [
    "github.com/adtac/go-akismet/akismet",
    "github.com/artyom/autoflags",
    "github.com/gorilla/mux",
    "github.com/mrichman/godnsbl",
    "github.com/roundpartner/go/ha",
    "gopkg.in/mailgun/mailgun-go.v1",
    "gopkg.in/yaml.v2",
  ]
  solver-name = "gps-cdcl"
  solver-version = 1
